// !$*UTF8*$!
{
	archiveVersion = 1;
	classes = {
	};
	objectVersion = 46;
	objects = {

/* Begin PBXBuildFile section */
		18D4994D1D4EE2FE00097EFD /* main.m in Sources */ = {isa = PBXBuildFile; fileRef = 18D4994C1D4EE2FE00097EFD /* main.m */; };
		18D499501D4EE2FE00097EFD /* AppDelegate.m in Sources */ = {isa = PBXBuildFile; fileRef = 18D4994F1D4EE2FE00097EFD /* AppDelegate.m */; };
		18D499531D4EE2FE00097EFD /* ViewController.m in Sources */ = {isa = PBXBuildFile; fileRef = 18D499521D4EE2FE00097EFD /* ViewController.m */; };
		18D499561D4EE2FE00097EFD /* Main.storyboard in Resources */ = {isa = PBXBuildFile; fileRef = 18D499541D4EE2FE00097EFD /* Main.storyboard */; };
		18D499581D4EE2FE00097EFD /* Assets.xcassets in Resources */ = {isa = PBXBuildFile; fileRef = 18D499571D4EE2FE00097EFD /* Assets.xcassets */; };
		18D4995B1D4EE2FE00097EFD /* LaunchScreen.storyboard in Resources */ = {isa = PBXBuildFile; fileRef = 18D499591D4EE2FE00097EFD /* LaunchScreen.storyboard */; };
		18D499661D4EE2FE00097EFD /* PYLabelzhankaiTests.m in Sources */ = {isa = PBXBuildFile; fileRef = 18D499651D4EE2FE00097EFD /* PYLabelzhankaiTests.m */; };
		18D499711D4EE2FE00097EFD /* PYLabelzhankaiUITests.m in Sources */ = {isa = PBXBuildFile; fileRef = 18D499701D4EE2FE00097EFD /* PYLabelzhankaiUITests.m */; };
		18D499A61D4F2A9100097EFD /* OneViewController.m in Sources */ = {isa = PBXBuildFile; fileRef = 18D4999F1D4F2A9100097EFD /* OneViewController.m */; };
		18D499A71D4F2A9100097EFD /* OneModel.m in Sources */ = {isa = PBXBuildFile; fileRef = 18D499A21D4F2A9100097EFD /* OneModel.m */; };
		18D499A81D4F2A9100097EFD /* OneTableViewCell.m in Sources */ = {isa = PBXBuildFile; fileRef = 18D499A51D4F2A9100097EFD /* OneTableViewCell.m */; };
		18D499B31D4F2AF100097EFD /* TwoViewController.m in Sources */ = {isa = PBXBuildFile; fileRef = 18D499B21D4F2AF100097EFD /* TwoViewController.m */; };
		18D499B61D4F2B0600097EFD /* TwoModel.m in Sources */ = {isa = PBXBuildFile; fileRef = 18D499B51D4F2B0600097EFD /* TwoModel.m */; };
		18D499B91D4F2B2200097EFD /* TwoTableViewCell.m in Sources */ = {isa = PBXBuildFile; fileRef = 18D499B81D4F2B2200097EFD /* TwoTableViewCell.m */; };
		18D499BC1D4F2B4600097EFD /* ThreeTableViewCell.m in Sources */ = {isa = PBXBuildFile; fileRef = 18D499BB1D4F2B4600097EFD /* ThreeTableViewCell.m */; };
		18D499C21D4F2B7200097EFD /* ThreeViewController.m in Sources */ = {isa = PBXBuildFile; fileRef = 18D499C11D4F2B7200097EFD /* ThreeViewController.m */; };
		18D499C51D4F2B9300097EFD /* ThreeModel.m in Sources */ = {isa = PBXBuildFile; fileRef = 18D499C41D4F2B9300097EFD /* ThreeModel.m */; };
		18D49A791D4F4C5500097EFD /* Info.plist in Resources */ = {isa = PBXBuildFile; fileRef = 18D49A5F1D4F4C5500097EFD /* Info.plist */; };
		18D49A7A1D4F4C5500097EFD /* MASCompositeConstraint.m in Sources */ = {isa = PBXBuildFile; fileRef = 18D49A611D4F4C5500097EFD /* MASCompositeConstraint.m */; };
		18D49A7B1D4F4C5500097EFD /* MASConstraint.m in Sources */ = {isa = PBXBuildFile; fileRef = 18D49A641D4F4C5500097EFD /* MASConstraint.m */; };
		18D49A7C1D4F4C5500097EFD /* MASConstraintMaker.m in Sources */ = {isa = PBXBuildFile; fileRef = 18D49A661D4F4C5500097EFD /* MASConstraintMaker.m */; };
		18D49A7D1D4F4C5500097EFD /* MASLayoutConstraint.m in Sources */ = {isa = PBXBuildFile; fileRef = 18D49A681D4F4C5500097EFD /* MASLayoutConstraint.m */; };
		18D49A7E1D4F4C5500097EFD /* MASViewAttribute.m in Sources */ = {isa = PBXBuildFile; fileRef = 18D49A6C1D4F4C5500097EFD /* MASViewAttribute.m */; };
		18D49A7F1D4F4C5500097EFD /* MASViewConstraint.m in Sources */ = {isa = PBXBuildFile; fileRef = 18D49A6E1D4F4C5500097EFD /* MASViewConstraint.m */; };
		18D49A801D4F4C5500097EFD /* NSArray+MASAdditions.m in Sources */ = {isa = PBXBuildFile; fileRef = 18D49A701D4F4C5500097EFD /* NSArray+MASAdditions.m */; };
		18D49A811D4F4C5500097EFD /* NSLayoutConstraint+MASDebugAdditions.m in Sources */ = {isa = PBXBuildFile; fileRef = 18D49A731D4F4C5500097EFD /* NSLayoutConstraint+MASDebugAdditions.m */; };
		18D49A821D4F4C5500097EFD /* View+MASAdditions.m in Sources */ = {isa = PBXBuildFile; fileRef = 18D49A751D4F4C5500097EFD /* View+MASAdditions.m */; };
		18D49A831D4F4C5500097EFD /* ViewController+MASAdditions.m in Sources */ = {isa = PBXBuildFile; fileRef = 18D49A781D4F4C5500097EFD /* ViewController+MASAdditions.m */; };
/* End PBXBuildFile section */

/* Begin PBXContainerItemProxy section */
		18D499621D4EE2FE00097EFD /* PBXContainerItemProxy */ = {
			isa = PBXContainerItemProxy;
			containerPortal = 18D499401D4EE2FE00097EFD /* Project object */;
			proxyType = 1;
			remoteGlobalIDString = 18D499471D4EE2FE00097EFD;
			remoteInfo = PYLabelzhankai;
		};
		18D4996D1D4EE2FE00097EFD /* PBXContainerItemProxy */ = {
			isa = PBXContainerItemProxy;
			containerPortal = 18D499401D4EE2FE00097EFD /* Project object */;
			proxyType = 1;
			remoteGlobalIDString = 18D499471D4EE2FE00097EFD;
			remoteInfo = PYLabelzhankai;
		};
/* End PBXContainerItemProxy section */

/* Begin PBXFileReference section */
		18D499481D4EE2FE00097EFD /* PYLabelzhankai.app */ = {isa = PBXFileReference; explicitFileType = wrapper.application; includeInIndex = 0; path = PYLabelzhankai.app; sourceTree = BUILT_PRODUCTS_DIR; };
		18D4994C1D4EE2FE00097EFD /* main.m */ = {isa = PBXFileReference; lastKnownFileType = sourcecode.c.objc; path = main.m; sourceTree = "<group>"; };
		18D4994E1D4EE2FE00097EFD /* AppDelegate.h */ = {isa = PBXFileReference; lastKnownFileType = sourcecode.c.h; path = AppDelegate.h; sourceTree = "<group>"; };
		18D4994F1D4EE2FE00097EFD /* AppDelegate.m */ = {isa = PBXFileReference; lastKnownFileType = sourcecode.c.objc; path = AppDelegate.m; sourceTree = "<group>"; };
		18D499511D4EE2FE00097EFD /* ViewController.h */ = {isa = PBXFileReference; lastKnownFileType = sourcecode.c.h; path = ViewController.h; sourceTree = "<group>"; };
		18D499521D4EE2FE00097EFD /* ViewController.m */ = {isa = PBXFileReference; lastKnownFileType = sourcecode.c.objc; path = ViewController.m; sourceTree = "<group>"; };
		18D499551D4EE2FE00097EFD /* Base */ = {isa = PBXFileReference; lastKnownFileType = file.storyboard; name = Base; path = Base.lproj/Main.storyboard; sourceTree = "<group>"; };
		18D499571D4EE2FE00097EFD /* Assets.xcassets */ = {isa = PBXFileReference; lastKnownFileType = folder.assetcatalog; path = Assets.xcassets; sourceTree = "<group>"; };
		18D4995A1D4EE2FE00097EFD /* Base */ = {isa = PBXFileReference; lastKnownFileType = file.storyboard; name = Base; path = Base.lproj/LaunchScreen.storyboard; sourceTree = "<group>"; };
		18D4995C1D4EE2FE00097EFD /* Info.plist */ = {isa = PBXFileReference; lastKnownFileType = text.plist.xml; path = Info.plist; sourceTree = "<group>"; };
		18D499611D4EE2FE00097EFD /* PYLabelzhankaiTests.xctest */ = {isa = PBXFileReference; explicitFileType = wrapper.cfbundle; includeInIndex = 0; path = PYLabelzhankaiTests.xctest; sourceTree = BUILT_PRODUCTS_DIR; };
		18D499651D4EE2FE00097EFD /* PYLabelzhankaiTests.m */ = {isa = PBXFileReference; lastKnownFileType = sourcecode.c.objc; path = PYLabelzhankaiTests.m; sourceTree = "<group>"; };
		18D499671D4EE2FE00097EFD /* Info.plist */ = {isa = PBXFileReference; lastKnownFileType = text.plist.xml; path = Info.plist; sourceTree = "<group>"; };
		18D4996C1D4EE2FE00097EFD /* PYLabelzhankaiUITests.xctest */ = {isa = PBXFileReference; explicitFileType = wrapper.cfbundle; includeInIndex = 0; path = PYLabelzhankaiUITests.xctest; sourceTree = BUILT_PRODUCTS_DIR; };
		18D499701D4EE2FE00097EFD /* PYLabelzhankaiUITests.m */ = {isa = PBXFileReference; lastKnownFileType = sourcecode.c.objc; path = PYLabelzhankaiUITests.m; sourceTree = "<group>"; };
		18D499721D4EE2FE00097EFD /* Info.plist */ = {isa = PBXFileReference; lastKnownFileType = text.plist.xml; path = Info.plist; sourceTree = "<group>"; };
		18D4999E1D4F2A9100097EFD /* OneViewController.h */ = {isa = PBXFileReference; fileEncoding = 4; lastKnownFileType = sourcecode.c.h; path = OneViewController.h; sourceTree = "<group>"; };
		18D4999F1D4F2A9100097EFD /* OneViewController.m */ = {isa = PBXFileReference; fileEncoding = 4; lastKnownFileType = sourcecode.c.objc; path = OneViewController.m; sourceTree = "<group>"; };
		18D499A11D4F2A9100097EFD /* OneModel.h */ = {isa = PBXFileReference; fileEncoding = 4; lastKnownFileType = sourcecode.c.h; path = OneModel.h; sourceTree = "<group>"; };
		18D499A21D4F2A9100097EFD /* OneModel.m */ = {isa = PBXFileReference; fileEncoding = 4; lastKnownFileType = sourcecode.c.objc; path = OneModel.m; sourceTree = "<group>"; };
		18D499A41D4F2A9100097EFD /* OneTableViewCell.h */ = {isa = PBXFileReference; fileEncoding = 4; lastKnownFileType = sourcecode.c.h; path = OneTableViewCell.h; sourceTree = "<group>"; };
		18D499A51D4F2A9100097EFD /* OneTableViewCell.m */ = {isa = PBXFileReference; fileEncoding = 4; lastKnownFileType = sourcecode.c.objc; path = OneTableViewCell.m; sourceTree = "<group>"; };
		18D499B11D4F2AF100097EFD /* TwoViewController.h */ = {isa = PBXFileReference; fileEncoding = 4; lastKnownFileType = sourcecode.c.h; path = TwoViewController.h; sourceTree = "<group>"; };
		18D499B21D4F2AF100097EFD /* TwoViewController.m */ = {isa = PBXFileReference; fileEncoding = 4; lastKnownFileType = sourcecode.c.objc; path = TwoViewController.m; sourceTree = "<group>"; };
		18D499B41D4F2B0600097EFD /* TwoModel.h */ = {isa = PBXFileReference; fileEncoding = 4; lastKnownFileType = sourcecode.c.h; path = TwoModel.h; sourceTree = "<group>"; };
		18D499B51D4F2B0600097EFD /* TwoModel.m */ = {isa = PBXFileReference; fileEncoding = 4; lastKnownFileType = sourcecode.c.objc; path = TwoModel.m; sourceTree = "<group>"; };
		18D499B71D4F2B2200097EFD /* TwoTableViewCell.h */ = {isa = PBXFileReference; fileEncoding = 4; lastKnownFileType = sourcecode.c.h; path = TwoTableViewCell.h; sourceTree = "<group>"; };
		18D499B81D4F2B2200097EFD /* TwoTableViewCell.m */ = {isa = PBXFileReference; fileEncoding = 4; lastKnownFileType = sourcecode.c.objc; path = TwoTableViewCell.m; sourceTree = "<group>"; };
		18D499BA1D4F2B4600097EFD /* ThreeTableViewCell.h */ = {isa = PBXFileReference; fileEncoding = 4; lastKnownFileType = sourcecode.c.h; path = ThreeTableViewCell.h; sourceTree = "<group>"; };
		18D499BB1D4F2B4600097EFD /* ThreeTableViewCell.m */ = {isa = PBXFileReference; fileEncoding = 4; lastKnownFileType = sourcecode.c.objc; path = ThreeTableViewCell.m; sourceTree = "<group>"; };
		18D499C01D4F2B7200097EFD /* ThreeViewController.h */ = {isa = PBXFileReference; fileEncoding = 4; lastKnownFileType = sourcecode.c.h; path = ThreeViewController.h; sourceTree = "<group>"; };
		18D499C11D4F2B7200097EFD /* ThreeViewController.m */ = {isa = PBXFileReference; fileEncoding = 4; lastKnownFileType = sourcecode.c.objc; path = ThreeViewController.m; sourceTree = "<group>"; };
		18D499C31D4F2B9300097EFD /* ThreeModel.h */ = {isa = PBXFileReference; fileEncoding = 4; lastKnownFileType = sourcecode.c.h; path = ThreeModel.h; sourceTree = "<group>"; };
		18D499C41D4F2B9300097EFD /* ThreeModel.m */ = {isa = PBXFileReference; fileEncoding = 4; lastKnownFileType = sourcecode.c.objc; path = ThreeModel.m; sourceTree = "<group>"; };
		18D49A5F1D4F4C5500097EFD /* Info.plist */ = {isa = PBXFileReference; fileEncoding = 4; lastKnownFileType = text.plist.xml; path = Info.plist; sourceTree = "<group>"; };
		18D49A601D4F4C5500097EFD /* MASCompositeConstraint.h */ = {isa = PBXFileReference; fileEncoding = 4; lastKnownFileType = sourcecode.c.h; path = MASCompositeConstraint.h; sourceTree = "<group>"; };
		18D49A611D4F4C5500097EFD /* MASCompositeConstraint.m */ = {isa = PBXFileReference; fileEncoding = 4; lastKnownFileType = sourcecode.c.objc; path = MASCompositeConstraint.m; sourceTree = "<group>"; };
		18D49A621D4F4C5500097EFD /* MASConstraint+Private.h */ = {isa = PBXFileReference; fileEncoding = 4; lastKnownFileType = sourcecode.c.h; path = "MASConstraint+Private.h"; sourceTree = "<group>"; };
		18D49A631D4F4C5500097EFD /* MASConstraint.h */ = {isa = PBXFileReference; fileEncoding = 4; lastKnownFileType = sourcecode.c.h; path = MASConstraint.h; sourceTree = "<group>"; };
		18D49A641D4F4C5500097EFD /* MASConstraint.m */ = {isa = PBXFileReference; fileEncoding = 4; lastKnownFileType = sourcecode.c.objc; path = MASConstraint.m; sourceTree = "<group>"; };
		18D49A651D4F4C5500097EFD /* MASConstraintMaker.h */ = {isa = PBXFileReference; fileEncoding = 4; lastKnownFileType = sourcecode.c.h; path = MASConstraintMaker.h; sourceTree = "<group>"; };
		18D49A661D4F4C5500097EFD /* MASConstraintMaker.m */ = {isa = PBXFileReference; fileEncoding = 4; lastKnownFileType = sourcecode.c.objc; path = MASConstraintMaker.m; sourceTree = "<group>"; };
		18D49A671D4F4C5500097EFD /* MASLayoutConstraint.h */ = {isa = PBXFileReference; fileEncoding = 4; lastKnownFileType = sourcecode.c.h; path = MASLayoutConstraint.h; sourceTree = "<group>"; };
		18D49A681D4F4C5500097EFD /* MASLayoutConstraint.m */ = {isa = PBXFileReference; fileEncoding = 4; lastKnownFileType = sourcecode.c.objc; path = MASLayoutConstraint.m; sourceTree = "<group>"; };
		18D49A691D4F4C5500097EFD /* Masonry.h */ = {isa = PBXFileReference; fileEncoding = 4; lastKnownFileType = sourcecode.c.h; path = Masonry.h; sourceTree = "<group>"; };
		18D49A6A1D4F4C5500097EFD /* MASUtilities.h */ = {isa = PBXFileReference; fileEncoding = 4; lastKnownFileType = sourcecode.c.h; path = MASUtilities.h; sourceTree = "<group>"; };
		18D49A6B1D4F4C5500097EFD /* MASViewAttribute.h */ = {isa = PBXFileReference; fileEncoding = 4; lastKnownFileType = sourcecode.c.h; path = MASViewAttribute.h; sourceTree = "<group>"; };
		18D49A6C1D4F4C5500097EFD /* MASViewAttribute.m */ = {isa = PBXFileReference; fileEncoding = 4; lastKnownFileType = sourcecode.c.objc; path = MASViewAttribute.m; sourceTree = "<group>"; };
		18D49A6D1D4F4C5500097EFD /* MASViewConstraint.h */ = {isa = PBXFileReference; fileEncoding = 4; lastKnownFileType = sourcecode.c.h; path = MASViewConstraint.h; sourceTree = "<group>"; };
		18D49A6E1D4F4C5500097EFD /* MASViewConstraint.m */ = {isa = PBXFileReference; fileEncoding = 4; lastKnownFileType = sourcecode.c.objc; path = MASViewConstraint.m; sourceTree = "<group>"; };
		18D49A6F1D4F4C5500097EFD /* NSArray+MASAdditions.h */ = {isa = PBXFileReference; fileEncoding = 4; lastKnownFileType = sourcecode.c.h; path = "NSArray+MASAdditions.h"; sourceTree = "<group>"; };
		18D49A701D4F4C5500097EFD /* NSArray+MASAdditions.m */ = {isa = PBXFileReference; fileEncoding = 4; lastKnownFileType = sourcecode.c.objc; path = "NSArray+MASAdditions.m"; sourceTree = "<group>"; };
		18D49A711D4F4C5500097EFD /* NSArray+MASShorthandAdditions.h */ = {isa = PBXFileReference; fileEncoding = 4; lastKnownFileType = sourcecode.c.h; path = "NSArray+MASShorthandAdditions.h"; sourceTree = "<group>"; };
		18D49A721D4F4C5500097EFD /* NSLayoutConstraint+MASDebugAdditions.h */ = {isa = PBXFileReference; fileEncoding = 4; lastKnownFileType = sourcecode.c.h; path = "NSLayoutConstraint+MASDebugAdditions.h"; sourceTree = "<group>"; };
		18D49A731D4F4C5500097EFD /* NSLayoutConstraint+MASDebugAdditions.m */ = {isa = PBXFileReference; fileEncoding = 4; lastKnownFileType = sourcecode.c.objc; path = "NSLayoutConstraint+MASDebugAdditions.m"; sourceTree = "<group>"; };
		18D49A741D4F4C5500097EFD /* View+MASAdditions.h */ = {isa = PBXFileReference; fileEncoding = 4; lastKnownFileType = sourcecode.c.h; path = "View+MASAdditions.h"; sourceTree = "<group>"; };
		18D49A751D4F4C5500097EFD /* View+MASAdditions.m */ = {isa = PBXFileReference; fileEncoding = 4; lastKnownFileType = sourcecode.c.objc; path = "View+MASAdditions.m"; sourceTree = "<group>"; };
		18D49A761D4F4C5500097EFD /* View+MASShorthandAdditions.h */ = {isa = PBXFileReference; fileEncoding = 4; lastKnownFileType = sourcecode.c.h; path = "View+MASShorthandAdditions.h"; sourceTree = "<group>"; };
		18D49A771D4F4C5500097EFD /* ViewController+MASAdditions.h */ = {isa = PBXFileReference; fileEncoding = 4; lastKnownFileType = sourcecode.c.h; path = "ViewController+MASAdditions.h"; sourceTree = "<group>"; };
		18D49A781D4F4C5500097EFD /* ViewController+MASAdditions.m */ = {isa = PBXFileReference; fileEncoding = 4; lastKnownFileType = sourcecode.c.objc; path = "ViewController+MASAdditions.m"; sourceTree = "<group>"; };
/* End PBXFileReference section */

/* Begin PBXFrameworksBuildPhase section */
		18D499451D4EE2FE00097EFD /* Frameworks */ = {
			isa = PBXFrameworksBuildPhase;
			buildActionMask = 2147483647;
			files = (
			);
			runOnlyForDeploymentPostprocessing = 0;
		};
		18D4995E1D4EE2FE00097EFD /* Frameworks */ = {
			isa = PBXFrameworksBuildPhase;
			buildActionMask = 2147483647;
			files = (
			);
			runOnlyForDeploymentPostprocessing = 0;
		};
		18D499691D4EE2FE00097EFD /* Frameworks */ = {
			isa = PBXFrameworksBuildPhase;
			buildActionMask = 2147483647;
			files = (
			);
			runOnlyForDeploymentPostprocessing = 0;
		};
/* End PBXFrameworksBuildPhase section */

/* Begin PBXGroup section */
		18D4993F1D4EE2FE00097EFD = {
			isa = PBXGroup;
			children = (
				18D4994A1D4EE2FE00097EFD /* PYLabelzhankai */,
				18D499641D4EE2FE00097EFD /* PYLabelzhankaiTests */,
				18D4996F1D4EE2FE00097EFD /* PYLabelzhankaiUITests */,
				18D499491D4EE2FE00097EFD /* Products */,
			);
			sourceTree = "<group>";
		};
		18D499491D4EE2FE00097EFD /* Products */ = {
			isa = PBXGroup;
			children = (
				18D499481D4EE2FE00097EFD /* PYLabelzhankai.app */,
				18D499611D4EE2FE00097EFD /* PYLabelzhankaiTests.xctest */,
				18D4996C1D4EE2FE00097EFD /* PYLabelzhankaiUITests.xctest */,
			);
			name = Products;
			sourceTree = "<group>";
		};
		18D4994A1D4EE2FE00097EFD /* PYLabelzhankai */ = {
			isa = PBXGroup;
			children = (
				18D4994E1D4EE2FE00097EFD /* AppDelegate.h */,
				18D4994F1D4EE2FE00097EFD /* AppDelegate.m */,
				18D499511D4EE2FE00097EFD /* ViewController.h */,
				18D499521D4EE2FE00097EFD /* ViewController.m */,
				18D4999C1D4F2A9100097EFD /* OneViewController */,
				18D499A91D4F2AC300097EFD /* TwoViewController */,
				18D499AD1D4F2AD500097EFD /* ThreeViewController */,
				18D499541D4EE2FE00097EFD /* Main.storyboard */,
				18D49A5E1D4F4C5500097EFD /* Masonry */,
				18D499571D4EE2FE00097EFD /* Assets.xcassets */,
				18D499591D4EE2FE00097EFD /* LaunchScreen.storyboard */,
				18D4995C1D4EE2FE00097EFD /* Info.plist */,
				18D4994B1D4EE2FE00097EFD /* Supporting Files */,
			);
			path = PYLabelzhankai;
			sourceTree = "<group>";
		};
		18D4994B1D4EE2FE00097EFD /* Supporting Files */ = {
			isa = PBXGroup;
			children = (
				18D4994C1D4EE2FE00097EFD /* main.m */,
			);
			name = "Supporting Files";
			sourceTree = "<group>";
		};
		18D499641D4EE2FE00097EFD /* PYLabelzhankaiTests */ = {
			isa = PBXGroup;
			children = (
				18D499651D4EE2FE00097EFD /* PYLabelzhankaiTests.m */,
				18D499671D4EE2FE00097EFD /* Info.plist */,
			);
			path = PYLabelzhankaiTests;
			sourceTree = "<group>";
		};
		18D4996F1D4EE2FE00097EFD /* PYLabelzhankaiUITests */ = {
			isa = PBXGroup;
			children = (
				18D499701D4EE2FE00097EFD /* PYLabelzhankaiUITests.m */,
				18D499721D4EE2FE00097EFD /* Info.plist */,
			);
			path = PYLabelzhankaiUITests;
			sourceTree = "<group>";
		};
		18D4999C1D4F2A9100097EFD /* OneViewController */ = {
			isa = PBXGroup;
			children = (
				18D4999D1D4F2A9100097EFD /* Contreller */,
				18D499A01D4F2A9100097EFD /* Model */,
				18D499A31D4F2A9100097EFD /* View */,
			);
			path = OneViewController;
			sourceTree = "<group>";
		};
		18D4999D1D4F2A9100097EFD /* Contreller */ = {
			isa = PBXGroup;
			children = (
				18D4999E1D4F2A9100097EFD /* OneViewController.h */,
				18D4999F1D4F2A9100097EFD /* OneViewController.m */,
			);
			path = Contreller;
			sourceTree = "<group>";
		};
		18D499A01D4F2A9100097EFD /* Model */ = {
			isa = PBXGroup;
			children = (
				18D499A11D4F2A9100097EFD /* OneModel.h */,
				18D499A21D4F2A9100097EFD /* OneModel.m */,
			);
			path = Model;
			sourceTree = "<group>";
		};
		18D499A31D4F2A9100097EFD /* View */ = {
			isa = PBXGroup;
			children = (
				18D499A41D4F2A9100097EFD /* OneTableViewCell.h */,
				18D499A51D4F2A9100097EFD /* OneTableViewCell.m */,
			);
			path = View;
			sourceTree = "<group>";
		};
		18D499A91D4F2AC300097EFD /* TwoViewController */ = {
			isa = PBXGroup;
			children = (
				18D499AA1D4F2AC300097EFD /* Contreller */,
				18D499AB1D4F2AC300097EFD /* Model */,
				18D499AC1D4F2AC300097EFD /* View */,
			);
			path = TwoViewController;
			sourceTree = "<group>";
		};
		18D499AA1D4F2AC300097EFD /* Contreller */ = {
			isa = PBXGroup;
			children = (
				18D499B11D4F2AF100097EFD /* TwoViewController.h */,
				18D499B21D4F2AF100097EFD /* TwoViewController.m */,
			);
			path = Contreller;
			sourceTree = "<group>";
		};
		18D499AB1D4F2AC300097EFD /* Model */ = {
			isa = PBXGroup;
			children = (
				18D499B41D4F2B0600097EFD /* TwoModel.h */,
				18D499B51D4F2B0600097EFD /* TwoModel.m */,
			);
			path = Model;
			sourceTree = "<group>";
		};
		18D499AC1D4F2AC300097EFD /* View */ = {
			isa = PBXGroup;
			children = (
				18D499B71D4F2B2200097EFD /* TwoTableViewCell.h */,
				18D499B81D4F2B2200097EFD /* TwoTableViewCell.m */,
			);
			path = View;
			sourceTree = "<group>";
		};
		18D499AD1D4F2AD500097EFD /* ThreeViewController */ = {
			isa = PBXGroup;
			children = (
				18D499AE1D4F2AD500097EFD /* Contreller */,
				18D499AF1D4F2AD500097EFD /* Model */,
				18D499B01D4F2AD500097EFD /* View */,
			);
			path = ThreeViewController;
			sourceTree = "<group>";
		};
		18D499AE1D4F2AD500097EFD /* Contreller */ = {
			isa = PBXGroup;
			children = (
				18D499C01D4F2B7200097EFD /* ThreeViewController.h */,
				18D499C11D4F2B7200097EFD /* ThreeViewController.m */,
			);
			path = Contreller;
			sourceTree = "<group>";
		};
		18D499AF1D4F2AD500097EFD /* Model */ = {
			isa = PBXGroup;
			children = (
				18D499C31D4F2B9300097EFD /* ThreeModel.h */,
				18D499C41D4F2B9300097EFD /* ThreeModel.m */,
			);
			path = Model;
			sourceTree = "<group>";
		};
		18D499B01D4F2AD500097EFD /* View */ = {
			isa = PBXGroup;
			children = (
				18D499BA1D4F2B4600097EFD /* ThreeTableViewCell.h */,
				18D499BB1D4F2B4600097EFD /* ThreeTableViewCell.m */,
			);
			path = View;
			sourceTree = "<group>";
		};
		18D49A5E1D4F4C5500097EFD /* Masonry */ = {
			isa = PBXGroup;
			children = (
				18D49A5F1D4F4C5500097EFD /* Info.plist */,
				18D49A601D4F4C5500097EFD /* MASCompositeConstraint.h */,
				18D49A611D4F4C5500097EFD /* MASCompositeConstraint.m */,
				18D49A621D4F4C5500097EFD /* MASConstraint+Private.h */,
				18D49A631D4F4C5500097EFD /* MASConstraint.h */,
				18D49A641D4F4C5500097EFD /* MASConstraint.m */,
				18D49A651D4F4C5500097EFD /* MASConstraintMaker.h */,
				18D49A661D4F4C5500097EFD /* MASConstraintMaker.m */,
				18D49A671D4F4C5500097EFD /* MASLayoutConstraint.h */,
				18D49A681D4F4C5500097EFD /* MASLayoutConstraint.m */,
				18D49A691D4F4C5500097EFD /* Masonry.h */,
				18D49A6A1D4F4C5500097EFD /* MASUtilities.h */,
				18D49A6B1D4F4C5500097EFD /* MASViewAttribute.h */,
				18D49A6C1D4F4C5500097EFD /* MASViewAttribute.m */,
				18D49A6D1D4F4C5500097EFD /* MASViewConstraint.h */,
				18D49A6E1D4F4C5500097EFD /* MASViewConstraint.m */,
				18D49A6F1D4F4C5500097EFD /* NSArray+MASAdditions.h */,
				18D49A701D4F4C5500097EFD /* NSArray+MASAdditions.m */,
				18D49A711D4F4C5500097EFD /* NSArray+MASShorthandAdditions.h */,
				18D49A721D4F4C5500097EFD /* NSLayoutConstraint+MASDebugAdditions.h */,
				18D49A731D4F4C5500097EFD /* NSLayoutConstraint+MASDebugAdditions.m */,
				18D49A741D4F4C5500097EFD /* View+MASAdditions.h */,
				18D49A751D4F4C5500097EFD /* View+MASAdditions.m */,
				18D49A761D4F4C5500097EFD /* View+MASShorthandAdditions.h */,
				18D49A771D4F4C5500097EFD /* ViewController+MASAdditions.h */,
				18D49A781D4F4C5500097EFD /* ViewController+MASAdditions.m */,
			);
			path = Masonry;
			sourceTree = "<group>";
		};
/* End PBXGroup section */

/* Begin PBXNativeTarget section */
		18D499471D4EE2FE00097EFD /* PYLabelzhankai */ = {
			isa = PBXNativeTarget;
			buildConfigurationList = 18D499751D4EE2FE00097EFD /* Build configuration list for PBXNativeTarget "PYLabelzhankai" */;
			buildPhases = (
				18D499441D4EE2FE00097EFD /* Sources */,
				18D499451D4EE2FE00097EFD /* Frameworks */,
				18D499461D4EE2FE00097EFD /* Resources */,
			);
			buildRules = (
			);
			dependencies = (
			);
			name = PYLabelzhankai;
			productName = PYLabelzhankai;
			productReference = 18D499481D4EE2FE00097EFD /* PYLabelzhankai.app */;
			productType = "com.apple.product-type.application";
		};
		18D499601D4EE2FE00097EFD /* PYLabelzhankaiTests */ = {
			isa = PBXNativeTarget;
			buildConfigurationList = 18D499781D4EE2FE00097EFD /* Build configuration list for PBXNativeTarget "PYLabelzhankaiTests" */;
			buildPhases = (
				18D4995D1D4EE2FE00097EFD /* Sources */,
				18D4995E1D4EE2FE00097EFD /* Frameworks */,
				18D4995F1D4EE2FE00097EFD /* Resources */,
			);
			buildRules = (
			);
			dependencies = (
				18D499631D4EE2FE00097EFD /* PBXTargetDependency */,
			);
			name = PYLabelzhankaiTests;
			productName = PYLabelzhankaiTests;
			productReference = 18D499611D4EE2FE00097EFD /* PYLabelzhankaiTests.xctest */;
			productType = "com.apple.product-type.bundle.unit-test";
		};
		18D4996B1D4EE2FE00097EFD /* PYLabelzhankaiUITests */ = {
			isa = PBXNativeTarget;
			buildConfigurationList = 18D4997B1D4EE2FE00097EFD /* Build configuration list for PBXNativeTarget "PYLabelzhankaiUITests" */;
			buildPhases = (
				18D499681D4EE2FE00097EFD /* Sources */,
				18D499691D4EE2FE00097EFD /* Frameworks */,
				18D4996A1D4EE2FE00097EFD /* Resources */,
			);
			buildRules = (
			);
			dependencies = (
				18D4996E1D4EE2FE00097EFD /* PBXTargetDependency */,
			);
			name = PYLabelzhankaiUITests;
			productName = PYLabelzhankaiUITests;
			productReference = 18D4996C1D4EE2FE00097EFD /* PYLabelzhankaiUITests.xctest */;
			productType = "com.apple.product-type.bundle.ui-testing";
		};
/* End PBXNativeTarget section */

/* Begin PBXProject section */
		18D499401D4EE2FE00097EFD /* Project object */ = {
			isa = PBXProject;
			attributes = {
				LastUpgradeCheck = 0730;
				ORGANIZATIONNAME = Apple;
				TargetAttributes = {
					18D499471D4EE2FE00097EFD = {
						CreatedOnToolsVersion = 7.3.1;
						DevelopmentTeam = 8B4BA8E4SM;
					};
					18D499601D4EE2FE00097EFD = {
						CreatedOnToolsVersion = 7.3.1;
						DevelopmentTeam = 8B4BA8E4SM;
						TestTargetID = 18D499471D4EE2FE00097EFD;
					};
					18D4996B1D4EE2FE00097EFD = {
						CreatedOnToolsVersion = 7.3.1;
						DevelopmentTeam = 8B4BA8E4SM;
						TestTargetID = 18D499471D4EE2FE00097EFD;
					};
				};
			};
			buildConfigurationList = 18D499431D4EE2FE00097EFD /* Build configuration list for PBXProject "PYLabelzhankai" */;
			compatibilityVersion = "Xcode 3.2";
			developmentRegion = English;
			hasScannedForEncodings = 0;
			knownRegions = (
				en,
				Base,
			);
			mainGroup = 18D4993F1D4EE2FE00097EFD;
			productRefGroup = 18D499491D4EE2FE00097EFD /* Products */;
			projectDirPath = "";
			projectRoot = "";
			targets = (
				18D499471D4EE2FE00097EFD /* PYLabelzhankai */,
				18D499601D4EE2FE00097EFD /* PYLabelzhankaiTests */,
				18D4996B1D4EE2FE00097EFD /* PYLabelzhankaiUITests */,
			);
		};
/* End PBXProject section */

/* Begin PBXResourcesBuildPhase section */
		18D499461D4EE2FE00097EFD /* Resources */ = {
			isa = PBXResourcesBuildPhase;
			buildActionMask = 2147483647;
			files = (
				18D49A791D4F4C5500097EFD /* Info.plist in Resources */,
				18D4995B1D4EE2FE00097EFD /* LaunchScreen.storyboard in Resources */,
				18D499581D4EE2FE00097EFD /* Assets.xcassets in Resources */,
				18D499561D4EE2FE00097EFD /* Main.storyboard in Resources */,
			);
			runOnlyForDeploymentPostprocessing = 0;
		};
		18D4995F1D4EE2FE00097EFD /* Resources */ = {
			isa = PBXResourcesBuildPhase;
			buildActionMask = 2147483647;
			files = (
			);
			runOnlyForDeploymentPostprocessing = 0;
		};
		18D4996A1D4EE2FE00097EFD /* Resources */ = {
			isa = PBXResourcesBuildPhase;
			buildActionMask = 2147483647;
			files = (
			);
			runOnlyForDeploymentPostprocessing = 0;
		};
/* End PBXResourcesBuildPhase section */

/* Begin PBXSourcesBuildPhase section */
		18D499441D4EE2FE00097EFD /* Sources */ = {
			isa = PBXSourcesBuildPhase;
			buildActionMask = 2147483647;
			files = (
				18D499B91D4F2B2200097EFD /* TwoTableViewCell.m in Sources */,
				18D499A71D4F2A9100097EFD /* OneModel.m in Sources */,
				18D49A811D4F4C5500097EFD /* NSLayoutConstraint+MASDebugAdditions.m in Sources */,
				18D499C51D4F2B9300097EFD /* ThreeModel.m in Sources */,
				18D49A7F1D4F4C5500097EFD /* MASViewConstraint.m in Sources */,
				18D499C21D4F2B7200097EFD /* ThreeViewController.m in Sources */,
				18D49A821D4F4C5500097EFD /* View+MASAdditions.m in Sources */,
				18D499531D4EE2FE00097EFD /* ViewController.m in Sources */,
				18D49A7E1D4F4C5500097EFD /* MASViewAttribute.m in Sources */,
				18D49A7C1D4F4C5500097EFD /* MASConstraintMaker.m in Sources */,
				18D499A81D4F2A9100097EFD /* OneTableViewCell.m in Sources */,
				18D499A61D4F2A9100097EFD /* OneViewController.m in Sources */,
				18D499BC1D4F2B4600097EFD /* ThreeTableViewCell.m in Sources */,
				18D49A831D4F4C5500097EFD /* ViewController+MASAdditions.m in Sources */,
				18D499501D4EE2FE00097EFD /* AppDelegate.m in Sources */,
				18D49A801D4F4C5500097EFD /* NSArray+MASAdditions.m in Sources */,
				18D499B61D4F2B0600097EFD /* TwoModel.m in Sources */,
				18D49A7D1D4F4C5500097EFD /* MASLayoutConstraint.m in Sources */,
				18D49A7A1D4F4C5500097EFD /* MASCompositeConstraint.m in Sources */,
				18D4994D1D4EE2FE00097EFD /* main.m in Sources */,
				18D499B31D4F2AF100097EFD /* TwoViewController.m in Sources */,
				18D49A7B1D4F4C5500097EFD /* MASConstraint.m in Sources */,
			);
			runOnlyForDeploymentPostprocessing = 0;
		};
		18D4995D1D4EE2FE00097EFD /* Sources */ = {
			isa = PBXSourcesBuildPhase;
			buildActionMask = 2147483647;
			files = (
				18D499661D4EE2FE00097EFD /* PYLabelzhankaiTests.m in Sources */,
			);
			runOnlyForDeploymentPostprocessing = 0;
		};
		18D499681D4EE2FE00097EFD /* Sources */ = {
			isa = PBXSourcesBuildPhase;
			buildActionMask = 2147483647;
			files = (
				18D499711D4EE2FE00097EFD /* PYLabelzhankaiUITests.m in Sources */,
			);
			runOnlyForDeploymentPostprocessing = 0;
		};
/* End PBXSourcesBuildPhase section */

/* Begin PBXTargetDependency section */
		18D499631D4EE2FE00097EFD /* PBXTargetDependency */ = {
			isa = PBXTargetDependency;
			target = 18D499471D4EE2FE00097EFD /* PYLabelzhankai */;
			targetProxy = 18D499621D4EE2FE00097EFD /* PBXContainerItemProxy */;
		};
		18D4996E1D4EE2FE00097EFD /* PBXTargetDependency */ = {
			isa = PBXTargetDependency;
			target = 18D499471D4EE2FE00097EFD /* PYLabelzhankai */;
			targetProxy = 18D4996D1D4EE2FE00097EFD /* PBXContainerItemProxy */;
		};
/* End PBXTargetDependency section */

/* Begin PBXVariantGroup section */
		18D499541D4EE2FE00097EFD /* Main.storyboard */ = {
			isa = PBXVariantGroup;
			children = (
				18D499551D4EE2FE00097EFD /* Base */,
			);
			name = Main.storyboard;
			sourceTree = "<group>";
		};
		18D499591D4EE2FE00097EFD /* LaunchScreen.storyboard */ = {
			isa = PBXVariantGroup;
			children = (
				18D4995A1D4EE2FE00097EFD /* Base */,
			);
			name = LaunchScreen.storyboard;
			sourceTree = "<group>";
		};
/* End PBXVariantGroup section */

/* Begin XCBuildConfiguration section */
		18D499731D4EE2FE00097EFD /* Debug */ = {
			isa = XCBuildConfiguration;
			buildSettings = {
				ALWAYS_SEARCH_USER_PATHS = NO;
				CLANG_ANALYZER_NONNULL = YES;
				CLANG_CXX_LANGUAGE_STANDARD = "gnu++0x";
				CLANG_CXX_LIBRARY = "libc++";
				CLANG_ENABLE_MODULES = YES;
				CLANG_ENABLE_OBJC_ARC = YES;
				CLANG_WARN_BOOL_CONVERSION = YES;
				CLANG_WARN_CONSTANT_CONVERSION = YES;
				CLANG_WARN_DIRECT_OBJC_ISA_USAGE = YES_ERROR;
				CLANG_WARN_EMPTY_BODY = YES;
				CLANG_WARN_ENUM_CONVERSION = YES;
				CLANG_WARN_INT_CONVERSION = YES;
				CLANG_WARN_OBJC_ROOT_CLASS = YES_ERROR;
				CLANG_WARN_UNREACHABLE_CODE = YES;
				CLANG_WARN__DUPLICATE_METHOD_MATCH = YES;
				"CODE_SIGN_IDENTITY[sdk=iphoneos*]" = "iPhone Developer";
				COPY_PHASE_STRIP = NO;
				DEBUG_INFORMATION_FORMAT = dwarf;
				ENABLE_STRICT_OBJC_MSGSEND = YES;
				ENABLE_TESTABILITY = YES;
				GCC_C_LANGUAGE_STANDARD = gnu99;
				GCC_DYNAMIC_NO_PIC = NO;
				GCC_NO_COMMON_BLOCKS = YES;
				GCC_OPTIMIZATION_LEVEL = 0;
				GCC_PREPROCESSOR_DEFINITIONS = (
					"DEBUG=1",
					"$(inherited)",
				);
				GCC_WARN_64_TO_32_BIT_CONVERSION = YES;
				GCC_WARN_ABOUT_RETURN_TYPE = YES_ERROR;
				GCC_WARN_UNDECLARED_SELECTOR = YES;
				GCC_WARN_UNINITIALIZED_AUTOS = YES_AGGRESSIVE;
				GCC_WARN_UNUSED_FUNCTION = YES;
				GCC_WARN_UNUSED_VARIABLE = YES;
				IPHONEOS_DEPLOYMENT_TARGET = 9.3;
				MTL_ENABLE_DEBUG_INFO = YES;
				ONLY_ACTIVE_ARCH = YES;
				SDKROOT = iphoneos;
				TARGETED_DEVICE_FAMILY = "1,2";
			};
			name = Debug;
		};
		18D499741D4EE2FE00097EFD /* Release */ = {
			isa = XCBuildConfiguration;
			buildSettings = {
				ALWAYS_SEARCH_USER_PATHS = NO;
				CLANG_ANALYZER_NONNULL = YES;
				CLANG_CXX_LANGUAGE_STANDARD = "gnu++0x";
				CLANG_CXX_LIBRARY = "libc++";
				CLANG_ENABLE_MODULES = YES;
				CLANG_ENABLE_OBJC_ARC = YES;
				CLANG_WARN_BOOL_CONVERSION = YES;
				CLANG_WARN_CONSTANT_CONVERSION = YES;
				CLANG_WARN_DIRECT_OBJC_ISA_USAGE = YES_ERROR;
				CLANG_WARN_EMPTY_BODY = YES;
				CLANG_WARN_ENUM_CONVERSION = YES;
				CLANG_WARN_INT_CONVERSION = YES;
				CLANG_WARN_OBJC_ROOT_CLASS = YES_ERROR;
				CLANG_WARN_UNREACHABLE_CODE = YES;
				CLANG_WARN__DUPLICATE_METHOD_MATCH = YES;
				"CODE_SIGN_IDENTITY[sdk=iphoneos*]" = "iPhone Developer";
				COPY_PHASE_STRIP = NO;
				DEBUG_INFORMATION_FORMAT = "dwarf-with-dsym";
				ENABLE_NS_ASSERTIONS = NO;
				ENABLE_STRICT_OBJC_MSGSEND = YES;
				GCC_C_LANGUAGE_STANDARD = gnu99;
				GCC_NO_COMMON_BLOCKS = YES;
				GCC_WARN_64_TO_32_BIT_CONVERSION = YES;
				GCC_WARN_ABOUT_RETURN_TYPE = YES_ERROR;
				GCC_WARN_UNDECLARED_SELECTOR = YES;
				GCC_WARN_UNINITIALIZED_AUTOS = YES_AGGRESSIVE;
				GCC_WARN_UNUSED_FUNCTION = YES;
				GCC_WARN_UNUSED_VARIABLE = YES;
				IPHONEOS_DEPLOYMENT_TARGET = 9.3;
				MTL_ENABLE_DEBUG_INFO = NO;
				SDKROOT = iphoneos;
				TARGETED_DEVICE_FAMILY = "1,2";
				VALIDATE_PRODUCT = YES;
			};
			name = Release;
		};
		18D499761D4EE2FE00097EFD /* Debug */ = {
			isa = XCBuildConfiguration;
			buildSettings = {
				ASSETCATALOG_COMPILER_APPICON_NAME = AppIcon;
				INFOPLIST_FILE = PYLabelzhankai/Info.plist;
				LD_RUNPATH_SEARCH_PATHS = "$(inherited) @executable_path/Frameworks";
				PRODUCT_BUNDLE_IDENTIFIER = "-.PYLabelzhankai";
				PRODUCT_NAME = "$(TARGET_NAME)";
			};
			name = Debug;
		};
		18D499771D4EE2FE00097EFD /* Release */ = {
			isa = XCBuildConfiguration;
			buildSettings = {
				ASSETCATALOG_COMPILER_APPICON_NAME = AppIcon;
				INFOPLIST_FILE = PYLabelzhankai/Info.plist;
				LD_RUNPATH_SEARCH_PATHS = "$(inherited) @executable_path/Frameworks";
				PRODUCT_BUNDLE_IDENTIFIER = "-.PYLabelzhankai";
				PRODUCT_NAME = "$(TARGET_NAME)";
			};
			name = Release;
		};
		18D499791D4EE2FE00097EFD /* Debug */ = {
			isa = XCBuildConfiguration;
			buildSettings = {
				BUNDLE_LOADER = "$(TEST_HOST)";
				INFOPLIST_FILE = PYLabelzhankaiTests/Info.plist;
				LD_RUNPATH_SEARCH_PATHS = "$(inherited) @executable_path/Frameworks @loader_path/Frameworks";
				PRODUCT_BUNDLE_IDENTIFIER = "-.PYLabelzhankaiTests";
				PRODUCT_NAME = "$(TARGET_NAME)";
				TEST_HOST = "$(BUILT_PRODUCTS_DIR)/PYLabelzhankai.app/PYLabelzhankai";
			};
			name = Debug;
		};
		18D4997A1D4EE2FE00097EFD /* Release */ = {
			isa = XCBuildConfiguration;
			buildSettings = {
				BUNDLE_LOADER = "$(TEST_HOST)";
				INFOPLIST_FILE = PYLabelzhankaiTests/Info.plist;
				LD_RUNPATH_SEARCH_PATHS = "$(inherited) @executable_path/Frameworks @loader_path/Frameworks";
				PRODUCT_BUNDLE_IDENTIFIER = "-.PYLabelzhankaiTests";
				PRODUCT_NAME = "$(TARGET_NAME)";
				TEST_HOST = "$(BUILT_PRODUCTS_DIR)/PYLabelzhankai.app/PYLabelzhankai";
			};
			name = Release;
		};
		18D4997C1D4EE2FE00097EFD /* Debug */ = {
			isa = XCBuildConfiguration;
			buildSettings = {
				INFOPLIST_FILE = PYLabelzhankaiUITests/Info.plist;
				LD_RUNPATH_SEARCH_PATHS = "$(inherited) @executable_path/Frameworks @loader_path/Frameworks";
				PRODUCT_BUNDLE_IDENTIFIER = "-.PYLabelzhankaiUITests";
				PRODUCT_NAME = "$(TARGET_NAME)";
				TEST_TARGET_NAME = PYLabelzhankai;
			};
			name = Debug;
		};
		18D4997D1D4EE2FE00097EFD /* Release */ = {
			isa = XCBuildConfiguration;
			buildSettings = {
				INFOPLIST_FILE = PYLabelzhankaiUITests/Info.plist;
				LD_RUNPATH_SEARCH_PATHS = "$(inherited) @executable_path/Frameworks @loader_path/Frameworks";
				PRODUCT_BUNDLE_IDENTIFIER = "-.PYLabelzhankaiUITests";
				PRODUCT_NAME = "$(TARGET_NAME)";
				TEST_TARGET_NAME = PYLabelzhankai;
			};
			name = Release;
		};
/* End XCBuildConfiguration section */

/* Begin XCConfigurationList section */
		18D499431D4EE2FE00097EFD /* Build configuration list for PBXProject "PYLabelzhankai" */ = {
			isa = XCConfigurationList;
			buildConfigurations = (
				18D499731D4EE2FE00097EFD /* Debug */,
				18D499741D4EE2FE00097EFD /* Release */,
			);
			defaultConfigurationIsVisible = 0;
			defaultConfigurationName = Release;
		};
		18D499751D4EE2FE00097EFD /* Build configuration list for PBXNativeTarget "PYLabelzhankai" */ = {
			isa = XCConfigurationList;
			buildConfigurations = (
				18D499761D4EE2FE00097EFD /* Debug */,
				18D499771D4EE2FE00097EFD /* Release */,
			);
			defaultConfigurationIsVisible = 0;
			defaultConfigurationName = Release;
		};
		18D499781D4EE2FE00097EFD /* Build configuration list for PBXNativeTarget "PYLabelzhankaiTests" */ = {
			isa = XCConfigurationList;
			buildConfigurations = (
				18D499791D4EE2FE00097EFD /* Debug */,
				18D4997A1D4EE2FE00097EFD /* Release */,
			);
			defaultConfigurationIsVisible = 0;
			defaultConfigurationName = Release;
		};
		18D4997B1D4EE2FE00097EFD /* Build configuration list for PBXNativeTarget "PYLabelzhankaiUITests" */ = {
			isa = XCConfigurationList;
			buildConfigurations = (
				18D4997C1D4EE2FE00097EFD /* Debug */,
				18D4997D1D4EE2FE00097EFD /* Release */,
			);
			defaultConfigurationIsVisible = 0;
			defaultConfigurationName = Release;
		};
/* End XCConfigurationList section */
	};
	rootObject = 18D499401D4EE2FE00097EFD /* Project object */;
}
